// !$*UTF8*$!
{
	archiveVersion = 1;
	classes = {
	};
	objectVersion = 46;
	objects = {

/* Begin PBXBuildFile section */
		433B97841C2AF3E100FE3F9B /* main.m in Sources */ = {isa = PBXBuildFile; fileRef = 433B97831C2AF3E100FE3F9B /* main.m */; };
		433B97871C2AF3E100FE3F9B /* AppDelegate.m in Sources */ = {isa = PBXBuildFile; fileRef = 433B97861C2AF3E100FE3F9B /* AppDelegate.m */; };
		433B978A1C2AF3E100FE3F9B /* GameScene.m in Sources */ = {isa = PBXBuildFile; fileRef = 433B97891C2AF3E100FE3F9B /* GameScene.m */; };
		433B978C1C2AF3E100FE3F9B /* GameScene.sks in Resources */ = {isa = PBXBuildFile; fileRef = 433B978B1C2AF3E100FE3F9B /* GameScene.sks */; };
		433B978F1C2AF3E100FE3F9B /* GameViewController.m in Sources */ = {isa = PBXBuildFile; fileRef = 433B978E1C2AF3E100FE3F9B /* GameViewController.m */; };
		433B97921C2AF3E100FE3F9B /* Main.storyboard in Resources */ = {isa = PBXBuildFile; fileRef = 433B97901C2AF3E100FE3F9B /* Main.storyboard */; };
		433B97941C2AF3E100FE3F9B /* Assets.xcassets in Resources */ = {isa = PBXBuildFile; fileRef = 433B97931C2AF3E100FE3F9B /* Assets.xcassets */; };
		433B97971C2AF3E100FE3F9B /* LaunchScreen.storyboard in Resources */ = {isa = PBXBuildFile; fileRef = 433B97951C2AF3E100FE3F9B /* LaunchScreen.storyboard */; };
		433B97A21C2AF3E100FE3F9B /* FlappyBird3Tests.m in Sources */ = {isa = PBXBuildFile; fileRef = 433B97A11C2AF3E100FE3F9B /* FlappyBird3Tests.m */; };
		433B97AD1C2AF3E100FE3F9B /* FlappyBird3UITests.m in Sources */ = {isa = PBXBuildFile; fileRef = 433B97AC1C2AF3E100FE3F9B /* FlappyBird3UITests.m */; };
		433B97BD1C2AFACD00FE3F9B /* SRScene.m in Sources */ = {isa = PBXBuildFile; fileRef = 433B97BC1C2AFACD00FE3F9B /* SRScene.m */; };
		43C928761C3D4E10007458D9 /* sfx_hit.caf in Resources */ = {isa = PBXBuildFile; fileRef = 43C928721C3D4E10007458D9 /* sfx_hit.caf */; };
		43C928771C3D4E10007458D9 /* sfx_point.aif in Resources */ = {isa = PBXBuildFile; fileRef = 43C928731C3D4E10007458D9 /* sfx_point.aif */; };
		43C928781C3D4E10007458D9 /* sfx_point.caf in Resources */ = {isa = PBXBuildFile; fileRef = 43C928741C3D4E10007458D9 /* sfx_point.caf */; };
		43C928791C3D4E10007458D9 /* sfx_wing.caf in Resources */ = {isa = PBXBuildFile; fileRef = 43C928751C3D4E10007458D9 /* sfx_wing.caf */; };
		43C9287C1C3D5805007458D9 /* RestartView.m in Sources */ = {isa = PBXBuildFile; fileRef = 43C9287B1C3D5805007458D9 /* RestartView.m */; };
		43CE89A71C401CBA00684830 /* bird-01.png in Resources */ = {isa = PBXBuildFile; fileRef = 43CE89A01C401CBA00684830 /* bird-01.png */; };
		43CE89A81C401CBA00684830 /* bird-02.png in Resources */ = {isa = PBXBuildFile; fileRef = 43CE89A11C401CBA00684830 /* bird-02.png */; };
		43CE89A91C401CBA00684830 /* bird-03.png in Resources */ = {isa = PBXBuildFile; fileRef = 43CE89A21C401CBA00684830 /* bird-03.png */; };
		43CE89AA1C401CBA00684830 /* bird-04.png in Resources */ = {isa = PBXBuildFile; fileRef = 43CE89A31C401CBA00684830 /* bird-04.png */; };
		43CE89AB1C401CBA00684830 /* PipeDown.png in Resources */ = {isa = PBXBuildFile; fileRef = 43CE89A41C401CBA00684830 /* PipeDown.png */; };
		43CE89AC1C401CBA00684830 /* PipeUp.png in Resources */ = {isa = PBXBuildFile; fileRef = 43CE89A51C401CBA00684830 /* PipeUp.png */; };
		43CE89AD1C401CBA00684830 /* sky.png in Resources */ = {isa = PBXBuildFile; fileRef = 43CE89A61C401CBA00684830 /* sky.png */; };
/* End PBXBuildFile section */

/* Begin PBXContainerItemProxy section */
		433B979E1C2AF3E100FE3F9B /* PBXContainerItemProxy */ = {
			isa = PBXContainerItemProxy;
			containerPortal = 433B97771C2AF3E100FE3F9B /* Project object */;
			proxyType = 1;
			remoteGlobalIDString = 433B977E1C2AF3E100FE3F9B;
			remoteInfo = FlappyBird3;
		};
		433B97A91C2AF3E100FE3F9B /* PBXContainerItemProxy */ = {
			isa = PBXContainerItemProxy;
			containerPortal = 433B97771C2AF3E100FE3F9B /* Project object */;
			proxyType = 1;
			remoteGlobalIDString = 433B977E1C2AF3E100FE3F9B;
			remoteInfo = FlappyBird3;
		};
/* End PBXContainerItemProxy section */

/* Begin PBXFileReference section */
		433B977F1C2AF3E100FE3F9B /* FlappyBird3.app */ = {isa = PBXFileReference; explicitFileType = wrapper.application; includeInIndex = 0; path = FlappyBird3.app; sourceTree = BUILT_PRODUCTS_DIR; };
		433B97831C2AF3E100FE3F9B /* main.m */ = {isa = PBXFileReference; lastKnownFileType = sourcecode.c.objc; path = main.m; sourceTree = "<group>"; };
		433B97851C2AF3E100FE3F9B /* AppDelegate.h */ = {isa = PBXFileReference; lastKnownFileType = sourcecode.c.h; path = AppDelegate.h; sourceTree = "<group>"; };
		433B97861C2AF3E100FE3F9B /* AppDelegate.m */ = {isa = PBXFileReference; lastKnownFileType = sourcecode.c.objc; path = AppDelegate.m; sourceTree = "<group>"; };
		433B97881C2AF3E100FE3F9B /* GameScene.h */ = {isa = PBXFileReference; lastKnownFileType = sourcecode.c.h; path = GameScene.h; sourceTree = "<group>"; };
		433B97891C2AF3E100FE3F9B /* GameScene.m */ = {isa = PBXFileReference; lastKnownFileType = sourcecode.c.objc; path = GameScene.m; sourceTree = "<group>"; };
		433B978B1C2AF3E100FE3F9B /* GameScene.sks */ = {isa = PBXFileReference; lastKnownFileType = file.sks; path = GameScene.sks; sourceTree = "<group>"; };
		433B978D1C2AF3E100FE3F9B /* GameViewController.h */ = {isa = PBXFileReference; lastKnownFileType = sourcecode.c.h; path = GameViewController.h; sourceTree = "<group>"; };
		433B978E1C2AF3E100FE3F9B /* GameViewController.m */ = {isa = PBXFileReference; lastKnownFileType = sourcecode.c.objc; path = GameViewController.m; sourceTree = "<group>"; };
		433B97911C2AF3E100FE3F9B /* Base */ = {isa = PBXFileReference; lastKnownFileType = file.storyboard; name = Base; path = Base.lproj/Main.storyboard; sourceTree = "<group>"; };
		433B97931C2AF3E100FE3F9B /* Assets.xcassets */ = {isa = PBXFileReference; lastKnownFileType = folder.assetcatalog; path = Assets.xcassets; sourceTree = "<group>"; };
		433B97961C2AF3E100FE3F9B /* Base */ = {isa = PBXFileReference; lastKnownFileType = file.storyboard; name = Base; path = Base.lproj/LaunchScreen.storyboard; sourceTree = "<group>"; };
		433B97981C2AF3E100FE3F9B /* Info.plist */ = {isa = PBXFileReference; lastKnownFileType = text.plist.xml; path = Info.plist; sourceTree = "<group>"; };
		433B979D1C2AF3E100FE3F9B /* FlappyBird3Tests.xctest */ = {isa = PBXFileReference; explicitFileType = wrapper.cfbundle; includeInIndex = 0; path = FlappyBird3Tests.xctest; sourceTree = BUILT_PRODUCTS_DIR; };
		433B97A11C2AF3E100FE3F9B /* FlappyBird3Tests.m */ = {isa = PBXFileReference; lastKnownFileType = sourcecode.c.objc; path = FlappyBird3Tests.m; sourceTree = "<group>"; };
		433B97A31C2AF3E100FE3F9B /* Info.plist */ = {isa = PBXFileReference; lastKnownFileType = text.plist.xml; path = Info.plist; sourceTree = "<group>"; };
		433B97A81C2AF3E100FE3F9B /* FlappyBird3UITests.xctest */ = {isa = PBXFileReference; explicitFileType = wrapper.cfbundle; includeInIndex = 0; path = FlappyBird3UITests.xctest; sourceTree = BUILT_PRODUCTS_DIR; };
		433B97AC1C2AF3E100FE3F9B /* FlappyBird3UITests.m */ = {isa = PBXFileReference; lastKnownFileType = sourcecode.c.objc; path = FlappyBird3UITests.m; sourceTree = "<group>"; };
		433B97AE1C2AF3E100FE3F9B /* Info.plist */ = {isa = PBXFileReference; lastKnownFileType = text.plist.xml; path = Info.plist; sourceTree = "<group>"; };
		433B97BA1C2AF5EC00FE3F9B /* Constant.h */ = {isa = PBXFileReference; lastKnownFileType = sourcecode.c.h; path = Constant.h; sourceTree = "<group>"; };
		433B97BB1C2AFACD00FE3F9B /* SRScene.h */ = {isa = PBXFileReference; fileEncoding = 4; lastKnownFileType = sourcecode.c.h; path = SRScene.h; sourceTree = "<group>"; };
		433B97BC1C2AFACD00FE3F9B /* SRScene.m */ = {isa = PBXFileReference; fileEncoding = 4; lastKnownFileType = sourcecode.c.objc; path = SRScene.m; sourceTree = "<group>"; };
		43C928721C3D4E10007458D9 /* sfx_hit.caf */ = {isa = PBXFileReference; lastKnownFileType = file; path = sfx_hit.caf; sourceTree = "<group>"; };
		43C928731C3D4E10007458D9 /* sfx_point.aif */ = {isa = PBXFileReference; lastKnownFileType = file; path = sfx_point.aif; sourceTree = "<group>"; };
		43C928741C3D4E10007458D9 /* sfx_point.caf */ = {isa = PBXFileReference; lastKnownFileType = file; path = sfx_point.caf; sourceTree = "<group>"; };
		43C928751C3D4E10007458D9 /* sfx_wing.caf */ = {isa = PBXFileReference; lastKnownFileType = file; path = sfx_wing.caf; sourceTree = "<group>"; };
		43C9287A1C3D5805007458D9 /* RestartView.h */ = {isa = PBXFileReference; fileEncoding = 4; lastKnownFileType = sourcecode.c.h; path = RestartView.h; sourceTree = "<group>"; };
		43C9287B1C3D5805007458D9 /* RestartView.m */ = {isa = PBXFileReference; fileEncoding = 4; lastKnownFileType = sourcecode.c.objc; path = RestartView.m; sourceTree = "<group>"; };
		43CE89A01C401CBA00684830 /* bird-01.png */ = {isa = PBXFileReference; lastKnownFileType = image.png; path = "bird-01.png"; sourceTree = "<group>"; };
		43CE89A11C401CBA00684830 /* bird-02.png */ = {isa = PBXFileReference; lastKnownFileType = image.png; path = "bird-02.png"; sourceTree = "<group>"; };
		43CE89A21C401CBA00684830 /* bird-03.png */ = {isa = PBXFileReference; lastKnownFileType = image.png; path = "bird-03.png"; sourceTree = "<group>"; };
		43CE89A31C401CBA00684830 /* bird-04.png */ = {isa = PBXFileReference; lastKnownFileType = image.png; path = "bird-04.png"; sourceTree = "<group>"; };
		43CE89A41C401CBA00684830 /* PipeDown.png */ = {isa = PBXFileReference; lastKnownFileType = image.png; path = PipeDown.png; sourceTree = "<group>"; };
		43CE89A51C401CBA00684830 /* PipeUp.png */ = {isa = PBXFileReference; lastKnownFileType = image.png; path = PipeUp.png; sourceTree = "<group>"; };
		43CE89A61C401CBA00684830 /* sky.png */ = {isa = PBXFileReference; lastKnownFileType = image.png; path = sky.png; sourceTree = "<group>"; };
/* End PBXFileReference section */

/* Begin PBXFrameworksBuildPhase section */
		433B977C1C2AF3E100FE3F9B /* Frameworks */ = {
			isa = PBXFrameworksBuildPhase;
			buildActionMask = 2147483647;
			files = (
			);
			runOnlyForDeploymentPostprocessing = 0;
		};
		433B979A1C2AF3E100FE3F9B /* Frameworks */ = {
			isa = PBXFrameworksBuildPhase;
			buildActionMask = 2147483647;
			files = (
			);
			runOnlyForDeploymentPostprocessing = 0;
		};
		433B97A51C2AF3E100FE3F9B /* Frameworks */ = {
			isa = PBXFrameworksBuildPhase;
			buildActionMask = 2147483647;
			files = (
			);
			runOnlyForDeploymentPostprocessing = 0;
		};
/* End PBXFrameworksBuildPhase section */

/* Begin PBXGroup section */
		433B97761C2AF3E100FE3F9B = {
			isa = PBXGroup;
			children = (
				433B97811C2AF3E100FE3F9B /* FlappyBird3 */,
				433B97A01C2AF3E100FE3F9B /* FlappyBird3Tests */,
				433B97AB1C2AF3E100FE3F9B /* FlappyBird3UITests */,
				433B97801C2AF3E100FE3F9B /* Products */,
			);
			sourceTree = "<group>";
		};
		433B97801C2AF3E100FE3F9B /* Products */ = {
			isa = PBXGroup;
			children = (
				433B977F1C2AF3E100FE3F9B /* FlappyBird3.app */,
				433B979D1C2AF3E100FE3F9B /* FlappyBird3Tests.xctest */,
				433B97A81C2AF3E100FE3F9B /* FlappyBird3UITests.xctest */,
			);
			name = Products;
			sourceTree = "<group>";
		};
		433B97811C2AF3E100FE3F9B /* FlappyBird3 */ = {
			isa = PBXGroup;
			children = (
				433B97BB1C2AFACD00FE3F9B /* SRScene.h */,
				433B97BC1C2AFACD00FE3F9B /* SRScene.m */,
				433B97BA1C2AF5EC00FE3F9B /* Constant.h */,
				433B97881C2AF3E100FE3F9B /* GameScene.h */,
				433B97891C2AF3E100FE3F9B /* GameScene.m */,
				433B978B1C2AF3E100FE3F9B /* GameScene.sks */,
				43C9287A1C3D5805007458D9 /* RestartView.h */,
				43C9287B1C3D5805007458D9 /* RestartView.m */,
				433B978D1C2AF3E100FE3F9B /* GameViewController.h */,
				433B978E1C2AF3E100FE3F9B /* GameViewController.m */,
				43C928711C3D4E10007458D9 /* Sound */,
				43CE899F1C401CBA00684830 /* images */,
				433B97821C2AF3E100FE3F9B /* Supporting Files */,
			);
			path = FlappyBird3;
			sourceTree = "<group>";
		};
		433B97821C2AF3E100FE3F9B /* Supporting Files */ = {
			isa = PBXGroup;
			children = (
				433B97901C2AF3E100FE3F9B /* Main.storyboard */,
				433B97931C2AF3E100FE3F9B /* Assets.xcassets */,
				433B97951C2AF3E100FE3F9B /* LaunchScreen.storyboard */,
				433B97981C2AF3E100FE3F9B /* Info.plist */,
				433B97851C2AF3E100FE3F9B /* AppDelegate.h */,
				433B97861C2AF3E100FE3F9B /* AppDelegate.m */,
				433B97831C2AF3E100FE3F9B /* main.m */,
			);
			name = "Supporting Files";
			sourceTree = "<group>";
		};
		433B97A01C2AF3E100FE3F9B /* FlappyBird3Tests */ = {
			isa = PBXGroup;
			children = (
				433B97A11C2AF3E100FE3F9B /* FlappyBird3Tests.m */,
				433B97A31C2AF3E100FE3F9B /* Info.plist */,
			);
			path = FlappyBird3Tests;
			sourceTree = "<group>";
		};
		433B97AB1C2AF3E100FE3F9B /* FlappyBird3UITests */ = {
			isa = PBXGroup;
			children = (
				433B97AC1C2AF3E100FE3F9B /* FlappyBird3UITests.m */,
				433B97AE1C2AF3E100FE3F9B /* Info.plist */,
			);
			path = FlappyBird3UITests;
			sourceTree = "<group>";
		};
		43C928711C3D4E10007458D9 /* Sound */ = {
			isa = PBXGroup;
			children = (
				43C928721C3D4E10007458D9 /* sfx_hit.caf */,
				43C928731C3D4E10007458D9 /* sfx_point.aif */,
				43C928741C3D4E10007458D9 /* sfx_point.caf */,
				43C928751C3D4E10007458D9 /* sfx_wing.caf */,
			);
			path = Sound;
			sourceTree = "<group>";
		};
		43CE899F1C401CBA00684830 /* images */ = {
			isa = PBXGroup;
			children = (
				43CE89A01C401CBA00684830 /* bird-01.png */,
				43CE89A11C401CBA00684830 /* bird-02.png */,
				43CE89A21C401CBA00684830 /* bird-03.png */,
				43CE89A31C401CBA00684830 /* bird-04.png */,
				43CE89A41C401CBA00684830 /* PipeDown.png */,
				43CE89A51C401CBA00684830 /* PipeUp.png */,
				43CE89A61C401CBA00684830 /* sky.png */,
			);
			path = images;
			sourceTree = "<group>";
		};
/* End PBXGroup section */

/* Begin PBXNativeTarget section */
		433B977E1C2AF3E100FE3F9B /* FlappyBird3 */ = {
			isa = PBXNativeTarget;
			buildConfigurationList = 433B97B11C2AF3E100FE3F9B /* Build configuration list for PBXNativeTarget "FlappyBird3" */;
			buildPhases = (
				433B977B1C2AF3E100FE3F9B /* Sources */,
				433B977C1C2AF3E100FE3F9B /* Frameworks */,
				433B977D1C2AF3E100FE3F9B /* Resources */,
			);
			buildRules = (
			);
			dependencies = (
			);
			name = FlappyBird3;
			productName = FlappyBird3;
			productReference = 433B977F1C2AF3E100FE3F9B /* FlappyBird3.app */;
			productType = "com.apple.product-type.application";
		};
		433B979C1C2AF3E100FE3F9B /* FlappyBird3Tests */ = {
			isa = PBXNativeTarget;
			buildConfigurationList = 433B97B41C2AF3E100FE3F9B /* Build configuration list for PBXNativeTarget "FlappyBird3Tests" */;
			buildPhases = (
				433B97991C2AF3E100FE3F9B /* Sources */,
				433B979A1C2AF3E100FE3F9B /* Frameworks */,
				433B979B1C2AF3E100FE3F9B /* Resources */,
			);
			buildRules = (
			);
			dependencies = (
				433B979F1C2AF3E100FE3F9B /* PBXTargetDependency */,
			);
			name = FlappyBird3Tests;
			productName = FlappyBird3Tests;
			productReference = 433B979D1C2AF3E100FE3F9B /* FlappyBird3Tests.xctest */;
			productType = "com.apple.product-type.bundle.unit-test";
		};
		433B97A71C2AF3E100FE3F9B /* FlappyBird3UITests */ = {
			isa = PBXNativeTarget;
			buildConfigurationList = 433B97B71C2AF3E100FE3F9B /* Build configuration list for PBXNativeTarget "FlappyBird3UITests" */;
			buildPhases = (
				433B97A41C2AF3E100FE3F9B /* Sources */,
				433B97A51C2AF3E100FE3F9B /* Frameworks */,
				433B97A61C2AF3E100FE3F9B /* Resources */,
			);
			buildRules = (
			);
			dependencies = (
				433B97AA1C2AF3E100FE3F9B /* PBXTargetDependency */,
			);
			name = FlappyBird3UITests;
			productName = FlappyBird3UITests;
			productReference = 433B97A81C2AF3E100FE3F9B /* FlappyBird3UITests.xctest */;
			productType = "com.apple.product-type.bundle.ui-testing";
		};
/* End PBXNativeTarget section */

/* Begin PBXProject section */
		433B97771C2AF3E100FE3F9B /* Project object */ = {
			isa = PBXProject;
			attributes = {
				LastUpgradeCheck = 0720;
				ORGANIZATIONNAME = sys;
				TargetAttributes = {
					433B977E1C2AF3E100FE3F9B = {
						CreatedOnToolsVersion = 7.2;
					};
					433B979C1C2AF3E100FE3F9B = {
						CreatedOnToolsVersion = 7.2;
						DevelopmentTeam = 3G3JV73KM2;
						TestTargetID = 433B977E1C2AF3E100FE3F9B;
					};
					433B97A71C2AF3E100FE3F9B = {
						CreatedOnToolsVersion = 7.2;
						DevelopmentTeam = 3G3JV73KM2;
						TestTargetID = 433B977E1C2AF3E100FE3F9B;
					};
				};
			};
			buildConfigurationList = 433B977A1C2AF3E100FE3F9B /* Build configuration list for PBXProject "FlappyBird3" */;
			compatibilityVersion = "Xcode 3.2";
			developmentRegion = English;
			hasScannedForEncodings = 0;
			knownRegions = (
				en,
				Base,
			);
			mainGroup = 433B97761C2AF3E100FE3F9B;
			productRefGroup = 433B97801C2AF3E100FE3F9B /* Products */;
			projectDirPath = "";
			projectRoot = "";
			targets = (
				433B977E1C2AF3E100FE3F9B /* FlappyBird3 */,
				433B979C1C2AF3E100FE3F9B /* FlappyBird3Tests */,
				433B97A71C2AF3E100FE3F9B /* FlappyBird3UITests */,
			);
		};
/* End PBXProject section */

/* Begin PBXResourcesBuildPhase section */
		433B977D1C2AF3E100FE3F9B /* Resources */ = {
			isa = PBXResourcesBuildPhase;
			buildActionMask = 2147483647;
			files = (
				433B978C1C2AF3E100FE3F9B /* GameScene.sks in Resources */,
				43C928791C3D4E10007458D9 /* sfx_wing.caf in Resources */,
				43C928771C3D4E10007458D9 /* sfx_point.aif in Resources */,
				433B97971C2AF3E100FE3F9B /* LaunchScreen.storyboard in Resources */,
				43CE89AC1C401CBA00684830 /* PipeUp.png in Resources */,
				43CE89AA1C401CBA00684830 /* bird-04.png in Resources */,
				43CE89AD1C401CBA00684830 /* sky.png in Resources */,
				43CE89A71C401CBA00684830 /* bird-01.png in Resources */,
				433B97941C2AF3E100FE3F9B /* Assets.xcassets in Resources */,
				43CE89A81C401CBA00684830 /* bird-02.png in Resources */,
				43CE89A91C401CBA00684830 /* bird-03.png in Resources */,
				43C928781C3D4E10007458D9 /* sfx_point.caf in Resources */,
				43C928761C3D4E10007458D9 /* sfx_hit.caf in Resources */,
				433B97921C2AF3E100FE3F9B /* Main.storyboard in Resources */,
				43CE89AB1C401CBA00684830 /* PipeDown.png in Resources */,
			);
			runOnlyForDeploymentPostprocessing = 0;
		};
		433B979B1C2AF3E100FE3F9B /* Resources */ = {
			isa = PBXResourcesBuildPhase;
			buildActionMask = 2147483647;
			files = (
			);
			runOnlyForDeploymentPostprocessing = 0;
		};
		433B97A61C2AF3E100FE3F9B /* Resources */ = {
			isa = PBXResourcesBuildPhase;
			buildActionMask = 2147483647;
			files = (
			);
			runOnlyForDeploymentPostprocessing = 0;
		};
/* End PBXResourcesBuildPhase section */

/* Begin PBXSourcesBuildPhase section */
		433B977B1C2AF3E100FE3F9B /* Sources */ = {
			isa = PBXSourcesBuildPhase;
			buildActionMask = 2147483647;
			files = (
				433B978F1C2AF3E100FE3F9B /* GameViewController.m in Sources */,
				433B97871C2AF3E100FE3F9B /* AppDelegate.m in Sources */,
				433B978A1C2AF3E100FE3F9B /* GameScene.m in Sources */,
				433B97BD1C2AFACD00FE3F9B /* SRScene.m in Sources */,
				43C9287C1C3D5805007458D9 /* RestartView.m in Sources */,
				433B97841C2AF3E100FE3F9B /* main.m in Sources */,
			);
			runOnlyForDeploymentPostprocessing = 0;
		};
		433B97991C2AF3E100FE3F9B /* Sources */ = {
			isa = PBXSourcesBuildPhase;
			buildActionMask = 2147483647;
			files = (
				433B97A21C2AF3E100FE3F9B /* FlappyBird3Tests.m in Sources */,
			);
			runOnlyForDeploymentPostprocessing = 0;
		};
		433B97A41C2AF3E100FE3F9B /* Sources */ = {
			isa = PBXSourcesBuildPhase;
			buildActionMask = 2147483647;
			files = (
				433B97AD1C2AF3E100FE3F9B /* FlappyBird3UITests.m in Sources */,
			);
			runOnlyForDeploymentPostprocessing = 0;
		};
/* End PBXSourcesBuildPhase section */

/* Begin PBXTargetDependency section */
		433B979F1C2AF3E100FE3F9B /* PBXTargetDependency */ = {
			isa = PBXTargetDependency;
			target = 433B977E1C2AF3E100FE3F9B /* FlappyBird3 */;
			targetProxy = 433B979E1C2AF3E100FE3F9B /* PBXContainerItemProxy */;
		};
		433B97AA1C2AF3E100FE3F9B /* PBXTargetDependency */ = {
			isa = PBXTargetDependency;
			target = 433B977E1C2AF3E100FE3F9B /* FlappyBird3 */;
			targetProxy = 433B97A91C2AF3E100FE3F9B /* PBXContainerItemProxy */;
		};
/* End PBXTargetDependency section */

/* Begin PBXVariantGroup section */
		433B97901C2AF3E100FE3F9B /* Main.storyboard */ = {
			isa = PBXVariantGroup;
			children = (
				433B97911C2AF3E100FE3F9B /* Base */,
			);
			name = Main.storyboard;
			sourceTree = "<group>";
		};
		433B97951C2AF3E100FE3F9B /* LaunchScreen.storyboard */ = {
			isa = PBXVariantGroup;
			children = (
				433B97961C2AF3E100FE3F9B /* Base */,
			);
			name = LaunchScreen.storyboard;
			sourceTree = "<group>";
		};
/* End PBXVariantGroup section */

/* Begin XCBuildConfiguration section */
		433B97AF1C2AF3E100FE3F9B /* Debug */ = {
			isa = XCBuildConfiguration;
			buildSettings = {
				ALWAYS_SEARCH_USER_PATHS = NO;
				CLANG_CXX_LANGUAGE_STANDARD = "gnu++0x";
				CLANG_CXX_LIBRARY = "libc++";
				CLANG_ENABLE_MODULES = YES;
				CLANG_ENABLE_OBJC_ARC = YES;
				CLANG_WARN_BOOL_CONVERSION = YES;
				CLANG_WARN_CONSTANT_CONVERSION = YES;
				CLANG_WARN_DIRECT_OBJC_ISA_USAGE = YES_ERROR;
				CLANG_WARN_EMPTY_BODY = YES;
				CLANG_WARN_ENUM_CONVERSION = YES;
				CLANG_WARN_INT_CONVERSION = YES;
				CLANG_WARN_OBJC_ROOT_CLASS = YES_ERROR;
				CLANG_WARN_UNREACHABLE_CODE = YES;
				CLANG_WARN__DUPLICATE_METHOD_MATCH = YES;
				"CODE_SIGN_IDENTITY[sdk=iphoneos*]" = "iPhone Developer";
				COPY_PHASE_STRIP = NO;
				DEBUG_INFORMATION_FORMAT = "dwarf-with-dsym";
				ENABLE_STRICT_OBJC_MSGSEND = YES;
				ENABLE_TESTABILITY = YES;
				GCC_C_LANGUAGE_STANDARD = gnu99;
				GCC_DYNAMIC_NO_PIC = NO;
				GCC_NO_COMMON_BLOCKS = YES;
				GCC_OPTIMIZATION_LEVEL = 0;
				GCC_PREPROCESSOR_DEFINITIONS = (
					"DEBUG=1",
					"$(inherited)",
				);
				GCC_WARN_64_TO_32_BIT_CONVERSION = YES;
				GCC_WARN_ABOUT_RETURN_TYPE = YES_ERROR;
				GCC_WARN_UNDECLARED_SELECTOR = YES;
				GCC_WARN_UNINITIALIZED_AUTOS = YES_AGGRESSIVE;
				GCC_WARN_UNUSED_FUNCTION = YES;
				GCC_WARN_UNUSED_VARIABLE = YES;
				IPHONEOS_DEPLOYMENT_TARGET = 9.2;
				MTL_ENABLE_DEBUG_INFO = YES;
				ONLY_ACTIVE_ARCH = YES;
				SDKROOT = iphoneos;
			};
			name = Debug;
		};
		433B97B01C2AF3E100FE3F9B /* Release */ = {
			isa = XCBuildConfiguration;
			buildSettings = {
				ALWAYS_SEARCH_USER_PATHS = NO;
				CLANG_CXX_LANGUAGE_STANDARD = "gnu++0x";
				CLANG_CXX_LIBRARY = "libc++";
				CLANG_ENABLE_MODULES = YES;
				CLANG_ENABLE_OBJC_ARC = YES;
				CLANG_WARN_BOOL_CONVERSION = YES;
				CLANG_WARN_CONSTANT_CONVERSION = YES;
				CLANG_WARN_DIRECT_OBJC_ISA_USAGE = YES_ERROR;
				CLANG_WARN_EMPTY_BODY = YES;
				CLANG_WARN_ENUM_CONVERSION = YES;
				CLANG_WARN_INT_CONVERSION = YES;
				CLANG_WARN_OBJC_ROOT_CLASS = YES_ERROR;
				CLANG_WARN_UNREACHABLE_CODE = YES;
				CLANG_WARN__DUPLICATE_METHOD_MATCH = YES;
				"CODE_SIGN_IDENTITY[sdk=iphoneos*]" = "iPhone Developer";
				COPY_PHASE_STRIP = NO;
				DEBUG_INFORMATION_FORMAT = "dwarf-with-dsym";
				ENABLE_NS_ASSERTIONS = NO;
				ENABLE_STRICT_OBJC_MSGSEND = YES;
				GCC_C_LANGUAGE_STANDARD = gnu99;
				GCC_NO_COMMON_BLOCKS = YES;
				GCC_WARN_64_TO_32_BIT_CONVERSION = YES;
				GCC_WARN_ABOUT_RETURN_TYPE = YES_ERROR;
				GCC_WARN_UNDECLARED_SELECTOR = YES;
				GCC_WARN_UNINITIALIZED_AUTOS = YES_AGGRESSIVE;
				GCC_WARN_UNUSED_FUNCTION = YES;
				GCC_WARN_UNUSED_VARIABLE = YES;
				IPHONEOS_DEPLOYMENT_TARGET = 9.2;
				MTL_ENABLE_DEBUG_INFO = NO;
				SDKROOT = iphoneos;
				VALIDATE_PRODUCT = YES;
			};
			name = Release;
		};
		433B97B21C2AF3E100FE3F9B /* Debug */ = {
			isa = XCBuildConfiguration;
			buildSettings = {
				ASSETCATALOG_COMPILER_APPICON_NAME = AppIcon;
				CODE_SIGN_IDENTITY = "iPhone Developer";
				INFOPLIST_FILE = FlappyBird3/Info.plist;
				LD_RUNPATH_SEARCH_PATHS = "$(inherited) @executable_path/Frameworks";
				PRODUCT_BUNDLE_IDENTIFIER = sys.FlappyBird3;
				PRODUCT_NAME = "$(TARGET_NAME)";
			};
			name = Debug;
		};
		433B97B31C2AF3E100FE3F9B /* Release */ = {
			isa = XCBuildConfiguration;
			buildSettings = {
				ASSETCATALOG_COMPILER_APPICON_NAME = AppIcon;
				CODE_SIGN_IDENTITY = "iPhone Developer";
				INFOPLIST_FILE = FlappyBird3/Info.plist;
				LD_RUNPATH_SEARCH_PATHS = "$(inherited) @executable_path/Frameworks";
				PRODUCT_BUNDLE_IDENTIFIER = sys.FlappyBird3;
				PRODUCT_NAME = "$(TARGET_NAME)";
			};
			name = Release;
		};
		433B97B51C2AF3E100FE3F9B /* Debug */ = {
			isa = XCBuildConfiguration;
			buildSettings = {
				BUNDLE_LOADER = "$(TEST_HOST)";
				DEBUG_INFORMATION_FORMAT = dwarf;
				INFOPLIST_FILE = FlappyBird3Tests/Info.plist;
				LD_RUNPATH_SEARCH_PATHS = "$(inherited) @executable_path/Frameworks @loader_path/Frameworks";
				PRODUCT_BUNDLE_IDENTIFIER = sys.FlappyBird3Tests;
				PRODUCT_NAME = "$(TARGET_NAME)";
				TEST_HOST = "$(BUILT_PRODUCTS_DIR)/FlappyBird3.app/FlappyBird3";
			};
			name = Debug;
		};
		433B97B61C2AF3E100FE3F9B /* Release */ = {
			isa = XCBuildConfiguration;
			buildSettings = {
				BUNDLE_LOADER = "$(TEST_HOST)";
				INFOPLIST_FILE = FlappyBird3Tests/Info.plist;
				LD_RUNPATH_SEARCH_PATHS = "$(inherited) @executable_path/Frameworks @loader_path/Frameworks";
				PRODUCT_BUNDLE_IDENTIFIER = sys.FlappyBird3Tests;
				PRODUCT_NAME = "$(TARGET_NAME)";
				TEST_HOST = "$(BUILT_PRODUCTS_DIR)/FlappyBird3.app/FlappyBird3";
			};
			name = Release;
		};
		433B97B81C2AF3E100FE3F9B /* Debug */ = {
			isa = XCBuildConfiguration;
			buildSettings = {
				DEBUG_INFORMATION_FORMAT = dwarf;
				INFOPLIST_FILE = FlappyBird3UITests/Info.plist;
				LD_RUNPATH_SEARCH_PATHS = "$(inherited) @executable_path/Frameworks @loader_path/Frameworks";
				PRODUCT_BUNDLE_IDENTIFIER = sys.FlappyBird3UITests;
				PRODUCT_NAME = "$(TARGET_NAME)";
				TEST_TARGET_NAME = FlappyBird3;
				USES_XCTRUNNER = YES;
			};
			name = Debug;
		};
		433B97B91C2AF3E100FE3F9B /* Release */ = {
			isa = XCBuildConfiguration;
			buildSettings = {
				INFOPLIST_FILE = FlappyBird3UITests/Info.plist;
				LD_RUNPATH_SEARCH_PATHS = "$(inherited) @executable_path/Frameworks @loader_path/Frameworks";
				PRODUCT_BUNDLE_IDENTIFIER = sys.FlappyBird3UITests;
				PRODUCT_NAME = "$(TARGET_NAME)";
				TEST_TARGET_NAME = FlappyBird3;
				USES_XCTRUNNER = YES;
			};
			name = Release;
		};
/* End XCBuildConfiguration section */

/* Begin XCConfigurationList section */
		433B977A1C2AF3E100FE3F9B /* Build configuration list for PBXProject "FlappyBird3" */ = {
			isa = XCConfigurationList;
			buildConfigurations = (
				433B97AF1C2AF3E100FE3F9B /* Debug */,
				433B97B01C2AF3E100FE3F9B /* Release */,
			);
			defaultConfigurationIsVisible = 0;
			defaultConfigurationName = Release;
		};
		433B97B11C2AF3E100FE3F9B /* Build configuration list for PBXNativeTarget "FlappyBird3" */ = {
			isa = XCConfigurationList;
			buildConfigurations = (
				433B97B21C2AF3E100FE3F9B /* Debug */,
				433B97B31C2AF3E100FE3F9B /* Release */,
			);
			defaultConfigurationIsVisible = 0;
			defaultConfigurationName = Release;
		};
		433B97B41C2AF3E100FE3F9B /* Build configuration list for PBXNativeTarget "FlappyBird3Tests" */ = {
			isa = XCConfigurationList;
			buildConfigurations = (
				433B97B51C2AF3E100FE3F9B /* Debug */,
				433B97B61C2AF3E100FE3F9B /* Release */,
			);
			defaultConfigurationIsVisible = 0;
			defaultConfigurationName = Release;
		};
		433B97B71C2AF3E100FE3F9B /* Build configuration list for PBXNativeTarget "FlappyBird3UITests" */ = {
			isa = XCConfigurationList;
			buildConfigurations = (
				433B97B81C2AF3E100FE3F9B /* Debug */,
				433B97B91C2AF3E100FE3F9B /* Release */,
			);
			defaultConfigurationIsVisible = 0;
			defaultConfigurationName = Release;
		};
/* End XCConfigurationList section */
	};
	rootObject = 433B97771C2AF3E100FE3F9B /* Project object */;
}
